Microsoft Visual Studio Solution File, Format Version 12.00
# Visual Studio Version 17
VisualStudioVersion = 17.5.2.0
MinimumVisualStudioVersion = 10.0.40219.1
Project("{FAE04EC0-301F-11D3-BF4B-00C04F79EFBC}") = "PunDemos.DemoSlotcarEditor", "El Clasico Forever\PunDemos.DemoSlotcarEditor.csproj", "{EDAB4569-ADAA-FA05-880B-CCA46521757B}"
EndProject
Project("{FAE04EC0-301F-11D3-BF4B-00C04F79EFBC}") = "PhotonUnityNetworking", "El Clasico Forever\PhotonUnityNetworking.csproj", "{D43B19EA-EA15-32EC-B9DC-D1EF56D69962}"
EndProject
Project("{FAE04EC0-301F-11D3-BF4B-00C04F79EFBC}") = "Assembly-CSharp-Editor", "El Clasico Forever\Assembly-CSharp-Editor.csproj", "{3F7386A6-C24F-BEA1-4043-515E74D49739}"
EndProject
Project("{FAE04EC0-301F-11D3-BF4B-00C04F79EFBC}") = "PhotonChat", "El Clasico Forever\PhotonChat.csproj", "{73E45C65-A076-97C2-E210-1D70DFDDD195}"
EndProject
Project("{FAE04EC0-301F-11D3-BF4B-00C04F79EFBC}") = "PhotonUnityNetworking.Utilities.PhotonPlayer.Editor", "El Clasico Forever\PhotonUnityNetworking.Utilities.PhotonPlayer.Editor.csproj", "{88871296-D5F1-7E36-8D83-A35A32F46AF1}"
EndProject
Project("{FAE04EC0-301F-11D3-BF4B-00C04F79EFBC}") = "PhotonUnityNetworking.Utilities.Culling.Editor", "El Clasico Forever\PhotonUnityNetworking.Utilities.Culling.Editor.csproj", "{AD5E3C81-B31F-8F46-213E-B0CA16B70094}"
EndProject
Project("{FAE04EC0-301F-11D3-BF4B-00C04F79EFBC}") = "PunDemos.DemoHubEditor", "El Clasico Forever\PunDemos.DemoHubEditor.csproj", "{78DE5587-5F7A-D494-9508-B5B82FDC0C0E}"
EndProject
Project("{FAE04EC0-301F-11D3-BF4B-00C04F79EFBC}") = "Assembly-CSharp", "El Clasico Forever\Assembly-CSharp.csproj", "{48649A10-6242-C04B-2CC3-AF437C86AC9E}"
EndProject
Project("{FAE04EC0-301F-11D3-BF4B-00C04F79EFBC}") = "PhotonUnityNetworking.Editor", "El Clasico Forever\PhotonUnityNetworking.Editor.csproj", "{BE8D02F7-7A90-A4E1-8334-81322148F232}"
EndProject
Project("{FAE04EC0-301F-11D3-BF4B-00C04F79EFBC}") = "PhotonUnityNetworking.Demos", "El Clasico Forever\PhotonUnityNetworking.Demos.csproj", "{B766ABEE-504C-094C-9D83-66EE4C5804BF}"
EndProject
Project("{FAE04EC0-301F-11D3-BF4B-00C04F79EFBC}") = "PhotonUnityNetworking.Utilities", "El Clasico Forever\PhotonUnityNetworking.Utilities.csproj", "{E4157E30-F7D8-ABBF-FCD6-68031362478A}"
EndProject
Project("{FAE04EC0-301F-11D3-BF4B-00C04F79EFBC}") = "PhotonRealtime", "El Clasico Forever\PhotonRealtime.csproj", "{1D6A3208-0254-55AB-E830-206644069019}"
EndProject
Global
	GlobalSection(SolutionConfigurationPlatforms) = preSolution
		Debug|Any CPU = Debug|Any CPU
		Release|Any CPU = Release|Any CPU
	EndGlobalSection
	GlobalSection(ProjectConfigurationPlatforms) = postSolution
		{EDAB4569-ADAA-FA05-880B-CCA46521757B}.Debug|Any CPU.ActiveCfg = Debug|Any CPU
		{EDAB4569-ADAA-FA05-880B-CCA46521757B}.Debug|Any CPU.Build.0 = Debug|Any CPU
		{EDAB4569-ADAA-FA05-880B-CCA46521757B}.Release|Any CPU.ActiveCfg = Release|Any CPU
		{EDAB4569-ADAA-FA05-880B-CCA46521757B}.Release|Any CPU.Build.0 = Release|Any CPU
		{D43B19EA-EA15-32EC-B9DC-D1EF56D69962}.Debug|Any CPU.ActiveCfg = Debug|Any CPU
		{D43B19EA-EA15-32EC-B9DC-D1EF56D69962}.Debug|Any CPU.Build.0 = Debug|Any CPU
		{D43B19EA-EA15-32EC-B9DC-D1EF56D69962}.Release|Any CPU.ActiveCfg = Release|Any CPU
		{D43B19EA-EA15-32EC-B9DC-D1EF56D69962}.Release|Any CPU.Build.0 = Release|Any CPU
		{3F7386A6-C24F-BEA1-4043-515E74D49739}.Debug|Any CPU.ActiveCfg = Debug|Any CPU
		{3F7386A6-C24F-BEA1-4043-515E74D49739}.Debug|Any CPU.Build.0 = Debug|Any CPU
		{3F7386A6-C24F-BEA1-4043-515E74D49739}.Release|Any CPU.ActiveCfg = Release|Any CPU
		{3F7386A6-C24F-BEA1-4043-515E74D49739}.Release|Any CPU.Build.0 = Release|Any CPU
		{73E45C65-A076-97C2-E210-1D70DFDDD195}.Debug|Any CPU.ActiveCfg = Debug|Any CPU
		{73E45C65-A076-97C2-E210-1D70DFDDD195}.Debug|Any CPU.Build.0 = Debug|Any CPU
		{73E45C65-A076-97C2-E210-1D70DFDDD195}.Release|Any CPU.ActiveCfg = Release|Any CPU
		{73E45C65-A076-97C2-E210-1D70DFDDD195}.Release|Any CPU.Build.0 = Release|Any CPU
		{88871296-D5F1-7E36-8D83-A35A32F46AF1}.Debug|Any CPU.ActiveCfg = Debug|Any CPU
		{88871296-D5F1-7E36-8D83-A35A32F46AF1}.Debug|Any CPU.Build.0 = Debug|Any CPU
		{88871296-D5F1-7E36-8D83-A35A32F46AF1}.Release|Any CPU.ActiveCfg = Release|Any CPU
		{88871296-D5F1-7E36-8D83-A35A32F46AF1}.Release|Any CPU.Build.0 = Release|Any CPU
		{AD5E3C81-B31F-8F46-213E-B0CA16B70094}.Debug|Any CPU.ActiveCfg = Debug|Any CPU
		{AD5E3C81-B31F-8F46-213E-B0CA16B70094}.Debug|Any CPU.Build.0 = Debug|Any CPU
		{AD5E3C81-B31F-8F46-213E-B0CA16B70094}.Release|Any CPU.ActiveCfg = Release|Any CPU
		{AD5E3C81-B31F-8F46-213E-B0CA16B70094}.Release|Any CPU.Build.0 = Release|Any CPU
		{78DE5587-5F7A-D494-9508-B5B82FDC0C0E}.Debug|Any CPU.ActiveCfg = Debug|Any CPU
		{78DE5587-5F7A-D494-9508-B5B82FDC0C0E}.Debug|Any CPU.Build.0 = Debug|Any CPU
		{78DE5587-5F7A-D494-9508-B5B82FDC0C0E}.Release|Any CPU.ActiveCfg = Release|Any CPU
		{78DE5587-5F7A-D494-9508-B5B82FDC0C0E}.Release|Any CPU.Build.0 = Release|Any CPU
		{48649A10-6242-C04B-2CC3-AF437C86AC9E}.Debug|Any CPU.ActiveCfg = Debug|Any CPU
		{48649A10-6242-C04B-2CC3-AF437C86AC9E}.Debug|Any CPU.Build.0 = Debug|Any CPU
		{48649A10-6242-C04B-2CC3-AF437C86AC9E}.Release|Any CPU.ActiveCfg = Release|Any CPU
		{48649A10-6242-C04B-2CC3-AF437C86AC9E}.Release|Any CPU.Build.0 = Release|Any CPU
		{BE8D02F7-7A90-A4E1-8334-81322148F232}.Debug|Any CPU.ActiveCfg = Debug|Any CPU
		{BE8D02F7-7A90-A4E1-8334-81322148F232}.Debug|Any CPU.Build.0 = Debug|Any CPU
		{BE8D02F7-7A90-A4E1-8334-81322148F232}.Release|Any CPU.ActiveCfg = Release|Any CPU
		{BE8D02F7-7A90-A4E1-8334-81322148F232}.Release|Any CPU.Build.0 = Release|Any CPU
		{B766ABEE-504C-094C-9D83-66EE4C5804BF}.Debug|Any CPU.ActiveCfg = Debug|Any CPU
		{B766ABEE-504C-094C-9D83-66EE4C5804BF}.Debug|Any CPU.Build.0 = Debug|Any CPU
		{B766ABEE-504C-094C-9D83-66EE4C5804BF}.Release|Any CPU.ActiveCfg = Release|Any CPU
		{B766ABEE-504C-094C-9D83-66EE4C5804BF}.Release|Any CPU.Build.0 = Release|Any CPU
		{E4157E30-F7D8-ABBF-FCD6-68031362478A}.Debug|Any CPU.ActiveCfg = Debug|Any CPU
		{E4157E30-F7D8-ABBF-FCD6-68031362478A}.Debug|Any CPU.Build.0 = Debug|Any CPU
		{E4157E30-F7D8-ABBF-FCD6-68031362478A}.Release|Any CPU.ActiveCfg = Release|Any CPU
		{E4157E30-F7D8-ABBF-FCD6-68031362478A}.Release|Any CPU.Build.0 = Release|Any CPU
		{1D6A3208-0254-55AB-E830-206644069019}.Debug|Any CPU.ActiveCfg = Debug|Any CPU
		{1D6A3208-0254-55AB-E830-206644069019}.Debug|Any CPU.Build.0 = Debug|Any CPU
		{1D6A3208-0254-55AB-E830-206644069019}.Release|Any CPU.ActiveCfg = Release|Any CPU
		{1D6A3208-0254-55AB-E830-206644069019}.Release|Any CPU.Build.0 = Release|Any CPU
	EndGlobalSection
	GlobalSection(SolutionProperties) = preSolution
		HideSolutionNode = FALSE
	EndGlobalSection
	GlobalSection(ExtensibilityGlobals) = postSolution
		SolutionGuid = {862C645A-D28B-4301-8886-DEB0692F6FDE}
	EndGlobalSection
EndGlobal
